
Microsoft Visual Studio Solution File, Format Version 12.00
# Visual Studio Version 17
VisualStudioVersion = 17.4.33213.308
MinimumVisualStudioVersion = 10.0.40219.1
Project("{FAE04EC0-301F-11D3-BF4B-00C04F79EFBC}") = "Domain", "Domain\Domain.csproj", "{C8EF7888-8DD4-4F8F-AAA3-2F97280FFFDF}"
EndProject
Project("{FAE04EC0-301F-11D3-BF4B-00C04F79EFBC}") = "Infrastructure", "Infrastructure\Infrastructure.csproj", "{CDF43378-2D12-4FB1-B55F-8DF54B050D1A}"
EndProject
Project("{FAE04EC0-301F-11D3-BF4B-00C04F79EFBC}") = "API", "API\API.csproj", "{012AF4CD-6301-4E98-BB74-F65F8332B31A}"
EndProject
Global
	GlobalSection(SolutionConfigurationPlatforms) = preSolution
		Debug|Any CPU = Debug|Any CPU
		Release|Any CPU = Release|Any CPU
	EndGlobalSection
	GlobalSection(ProjectConfigurationPlatforms) = postSolution
		{C8EF7888-8DD4-4F8F-AAA3-2F97280FFFDF}.Debug|Any CPU.ActiveCfg = Debug|Any CPU
		{C8EF7888-8DD4-4F8F-AAA3-2F97280FFFDF}.Debug|Any CPU.Build.0 = Debug|Any CPU
		{C8EF7888-8DD4-4F8F-AAA3-2F97280FFFDF}.Release|Any CPU.ActiveCfg = Release|Any CPU
		{C8EF7888-8DD4-4F8F-AAA3-2F97280FFFDF}.Release|Any CPU.Build.0 = Release|Any CPU
		{CDF43378-2D12-4FB1-B55F-8DF54B050D1A}.Debug|Any CPU.ActiveCfg = Debug|Any CPU
		{CDF43378-2D12-4FB1-B55F-8DF54B050D1A}.Debug|Any CPU.Build.0 = Debug|Any CPU
		{CDF43378-2D12-4FB1-B55F-8DF54B050D1A}.Release|Any CPU.ActiveCfg = Release|Any CPU
		{CDF43378-2D12-4FB1-B55F-8DF54B050D1A}.Release|Any CPU.Build.0 = Release|Any CPU
		{012AF4CD-6301-4E98-BB74-F65F8332B31A}.Debug|Any CPU.ActiveCfg = Debug|Any CPU
		{012AF4CD-6301-4E98-BB74-F65F8332B31A}.Debug|Any CPU.Build.0 = Debug|Any CPU
		{012AF4CD-6301-4E98-BB74-F65F8332B31A}.Release|Any CPU.ActiveCfg = Release|Any CPU
		{012AF4CD-6301-4E98-BB74-F65F8332B31A}.Release|Any CPU.Build.0 = Release|Any CPU
	EndGlobalSection
	GlobalSection(SolutionProperties) = preSolution
		HideSolutionNode = FALSE
	EndGlobalSection
	GlobalSection(ExtensibilityGlobals) = postSolution
		SolutionGuid = {DE190E77-3FDA-4390-A712-52A3AD195BDB}
	EndGlobalSection
EndGlobal
